
Microsoft Visual Studio Solution File, Format Version 12.00
# Visual Studio Version 17
VisualStudioVersion = 17.0.32112.339
MinimumVisualStudioVersion = 10.0.40219.1
Project("{FAE04EC0-301F-11D3-BF4B-00C04F79EFBC}") = "StaticYapiciMethod", "StaticYapiciMethod.csproj", "{9EBCEE2B-E22D-4ADB-84A1-39648CB8ECFA}"
EndProject
Global
	GlobalSection(SolutionConfigurationPlatforms) = preSolution
		Debug|Any CPU = Debug|Any CPU
		Release|Any CPU = Release|Any CPU
	EndGlobalSection
	GlobalSection(ProjectConfigurationPlatforms) = postSolution
		{9EBCEE2B-E22D-4ADB-84A1-39648CB8ECFA}.Debug|Any CPU.ActiveCfg = Debug|Any CPU
		{9EBCEE2B-E22D-4ADB-84A1-39648CB8ECFA}.Debug|Any CPU.Build.0 = Debug|Any CPU
		{9EBCEE2B-E22D-4ADB-84A1-39648CB8ECFA}.Release|Any CPU.ActiveCfg = Release|Any CPU
		{9EBCEE2B-E22D-4ADB-84A1-39648CB8ECFA}.Release|Any CPU.Build.0 = Release|Any CPU
	EndGlobalSection
	GlobalSection(SolutionProperties) = preSolution
		HideSolutionNode = FALSE
	EndGlobalSection
	GlobalSection(ExtensibilityGlobals) = postSolution
		SolutionGuid = {5855A25E-2FAA-4504-A8C0-957526AF37CA}
	EndGlobalSection
EndGlobal
