
Microsoft Visual Studio Solution File, Format Version 12.00
# Visual Studio Version 17
VisualStudioVersion = 17.0.32112.339
MinimumVisualStudioVersion = 10.0.40219.1
Project("{FAE04EC0-301F-11D3-BF4B-00C04F79EFBC}") = "Classes", "Classes.csproj", "{F90A71E3-6B75-48DB-95AA-12A0DDCB4203}"
EndProject
Global
	GlobalSection(SolutionConfigurationPlatforms) = preSolution
		Debug|Any CPU = Debug|Any CPU
		Release|Any CPU = Release|Any CPU
	EndGlobalSection
	GlobalSection(ProjectConfigurationPlatforms) = postSolution
		{F90A71E3-6B75-48DB-95AA-12A0DDCB4203}.Debug|Any CPU.ActiveCfg = Debug|Any CPU
		{F90A71E3-6B75-48DB-95AA-12A0DDCB4203}.Debug|Any CPU.Build.0 = Debug|Any CPU
		{F90A71E3-6B75-48DB-95AA-12A0DDCB4203}.Release|Any CPU.ActiveCfg = Release|Any CPU
		{F90A71E3-6B75-48DB-95AA-12A0DDCB4203}.Release|Any CPU.Build.0 = Release|Any CPU
	EndGlobalSection
	GlobalSection(SolutionProperties) = preSolution
		HideSolutionNode = FALSE
	EndGlobalSection
	GlobalSection(ExtensibilityGlobals) = postSolution
		SolutionGuid = {0923BB92-94DD-4B15-A367-AB5CCC407A83}
	EndGlobalSection
EndGlobal
