
Microsoft Visual Studio Solution File, Format Version 12.00
# Visual Studio Version 17
VisualStudioVersion = 17.0.32112.339
MinimumVisualStudioVersion = 10.0.40219.1
Project("{FAE04EC0-301F-11D3-BF4B-00C04F79EFBC}") = "ConsoleApp1", "ConsoleApp1.csproj", "{9318311A-D067-407A-8EDD-52646352FFD9}"
EndProject
Global
	GlobalSection(SolutionConfigurationPlatforms) = preSolution
		Debug|Any CPU = Debug|Any CPU
		Release|Any CPU = Release|Any CPU
	EndGlobalSection
	GlobalSection(ProjectConfigurationPlatforms) = postSolution
		{9318311A-D067-407A-8EDD-52646352FFD9}.Debug|Any CPU.ActiveCfg = Debug|Any CPU
		{9318311A-D067-407A-8EDD-52646352FFD9}.Debug|Any CPU.Build.0 = Debug|Any CPU
		{9318311A-D067-407A-8EDD-52646352FFD9}.Release|Any CPU.ActiveCfg = Release|Any CPU
		{9318311A-D067-407A-8EDD-52646352FFD9}.Release|Any CPU.Build.0 = Release|Any CPU
	EndGlobalSection
	GlobalSection(SolutionProperties) = preSolution
		HideSolutionNode = FALSE
	EndGlobalSection
	GlobalSection(ExtensibilityGlobals) = postSolution
		SolutionGuid = {9F36C3CD-E0BA-4AD3-8C28-7262A0E40B43}
	EndGlobalSection
EndGlobal
